{
    "_meta": {
        "hash": {
            "sha256": "d110946a9a511fc69c9ca32902c2853ed2b9fbef37ff668c290a30aca461f809"
        },
        "host-environment-markers": {
            "implementation_name": "cpython",
            "implementation_version": "3.6.4",
            "os_name": "posix",
            "platform_machine": "x86_64",
            "platform_python_implementation": "CPython",
            "platform_release": "17.4.0",
            "platform_system": "Darwin",
            "platform_version": "Darwin Kernel Version 17.4.0: Sun Dec 17 09:19:54 PST 2017; root:xnu-4570.41.2~1/RELEASE_X86_64",
            "python_full_version": "3.6.4",
            "python_version": "3.6",
            "sys_platform": "darwin"
        },
        "pipfile-spec": 6,
        "requires": {},
        "sources": [
            {
                "name": "pypi",
                "url": "https://pypi.python.org/simple",
                "verify_ssl": true
            }
        ]
    },
    "default": {
        "e1839a8": {
            "editable": true,
            "path": "."
        },
        "gitdb2": {
            "hashes": [
                "sha256:cf9a4b68e8c4da8d42e48728c944ff7af2d8c9db303ac1ab32eac37aa4194b0e",
                "sha256:b60e29d4533e5e25bb50b7678bbc187c8f6bcff1344b4f293b2ba55c85795f09"
            ],
            "version": "==2.0.3"
        },
        "gitpython": {
            "hashes": [
                "sha256:b8367c432de995dc330b5b146c5bfdc0926b8496e100fda6692134e00c0dcdc5",
                "sha256:ad61bc25deadb535b047684d06f3654c001d9415e1971e51c9c20f5b510076e9"
            ],
            "version": "==2.1.8"
        },
        "plain-obj": {
            "hashes": [
                "sha256:321ecd8362795bdb82a3b67ad4bf375eae55041124d42953fac4c9efc22354ee"
            ],
            "version": "==0.1.2"
        },
        "smmap2": {
            "hashes": [
                "sha256:b78ee0f1f5772d69ff50b1cbdb01b8c6647a8354f02f23b488cf4b2cfc923956",
                "sha256:c7530db63f15f09f8251094b22091298e82bf6c699a6b8344aaaef3f2e1276c3"
            ],
            "version": "==2.0.3"
        }
    },
    "develop": {
        "argh": {
            "hashes": [
                "sha256:a9b3aaa1904eeb78e32394cd46c6f37ac0fb4af6dc488daa58971bdc7d7fcaf3",
                "sha256:e9535b8c84dc9571a48999094fda7f33e63c3f1b74f3e5f3ac0105a58405bb65"
            ],
            "version": "==0.26.2"
        },
        "attrs": {
            "hashes": [
                "sha256:a17a9573a6f475c99b551c0e0a812707ddda1ec9653bed04c13841404ed6f450",
                "sha256:1c7960ccfd6a005cd9f7ba884e6316b5e430a3f1a6c37c5f87d8b43f83b54ec9"
            ],
            "version": "==17.4.0"
        },
        "colorama": {
            "hashes": [
                "sha256:463f8483208e921368c9f306094eb6f725c6ca42b0f97e313cb5d5512459feda",
                "sha256:48eb22f4f8461b1df5734a074b57042430fb06e1d61bd1e11b078c0fe6d7a1f1"
            ],
            "version": "==0.3.9"
        },
        "docopt": {
            "hashes": [
                "sha256:49b3a825280bd66b3aa83585ef59c4a8c82f2c8a522dbe754a8bc8d08c85c491"
            ],
            "version": "==0.6.2"
        },
        "pathtools": {
            "hashes": [
                "sha256:7c35c5421a39bb82e58018febd90e3b6e5db34c5443aaaf742b3f33d4655f1c0"
            ],
            "version": "==0.1.2"
        },
        "pluggy": {
            "hashes": [
                "sha256:7f8ae7f5bdf75671a718d2daf0a64b7885f74510bcd98b1a0bb420eb9a9d0cff"
            ],
            "version": "==0.6.0"
        },
        "py": {
            "hashes": [
                "sha256:8cca5c229d225f8c1e3085be4fcf306090b00850fefad892f9d96c7b6e2f310f",
                "sha256:ca18943e28235417756316bfada6cd96b23ce60dd532642690dcfdaba988a76d"
            ],
            "version": "==1.5.2"
        },
        "pytest": {
            "hashes": [
                "sha256:062027955bccbc04d2fcd5d79690947e018ba31abe4c90b2c6721abec734261b",
                "sha256:117bad36c1a787e1a8a659df35de53ba05f9f3398fb9e4ac17e80ad5903eb8c5"
            ],
            "version": "==3.4.2"
        },
        "pytest-watch": {
            "hashes": [
                "sha256:29941f6ff74e6d85cc0796434a5cbc27ebe51e91ed24fd0757fad5cc6fd3d491"
            ],
            "version": "==4.1.0"
        },
        "pyyaml": {
            "hashes": [
                "sha256:3262c96a1ca437e7e4763e2843746588a965426550f3797a79fca9c6199c431f",
                "sha256:16b20e970597e051997d90dc2cddc713a2876c47e3d92d59ee198700c5427736",
                "sha256:e863072cdf4c72eebf179342c94e6989c67185842d9997960b3e69290b2fa269",
                "sha256:bc6bced57f826ca7cb5125a10b23fd0f2fff3b7c4701d64c439a300ce665fff8",
                "sha256:c01b880ec30b5a6e6aa67b09a2fe3fb30473008c85cd6a67359a1b15ed6d83a4",
                "sha256:827dc04b8fa7d07c44de11fabbc888e627fa8293b695e0f99cb544fdfa1bf0d1",
                "sha256:592766c6303207a20efc445587778322d7f73b161bd994f227adaa341ba212ab",
                "sha256:5f84523c076ad14ff5e6c037fe1c89a7f73a3e04cf0377cb4d017014976433f3",
                "sha256:0c507b7f74b3d2dd4d1322ec8a94794927305ab4cebbe89cc47fe5e81541e6e8",
                "sha256:b4c423ab23291d3945ac61346feeb9a0dc4184999ede5e7c43e1ffb975130ae6",
                "sha256:ca233c64c6e40eaa6c66ef97058cdc80e8d0157a443655baa1b2966e812807ca",
                "sha256:4474f8ea030b5127225b8894d626bb66c01cda098d47a2b0d3429b6700af9fd8",
                "sha256:326420cbb492172dec84b0f65c80942de6cedb5233c413dd824483989c000608",
                "sha256:5ac82e411044fb129bae5cfbeb3ba626acb2af31a8d17d175004b70862a741a7"
            ],
            "version": "==3.12"
        },
        "six": {
            "hashes": [
                "sha256:832dc0e10feb1aa2c68dcc57dbb658f1c7e65b9b61af69048abc87a2db00a0eb",
                "sha256:70e8a77beed4562e7f14fe23a786b54f6296e34344c23bc42f07b15018ff98e9"
            ],
            "version": "==1.11.0"
        },
        "watchdog": {
            "hashes": [
                "sha256:7e65882adb7746039b6f3876ee174952f8eaaa34491ba34333ddf1fe35de4162"
            ],
            "version": "==0.8.3"
        }
    }
}
